
Microsoft Visual Studio Solution File, Format Version 12.00
# Visual Studio Version 17
VisualStudioVersion = 17.14.36310.24
MinimumVisualStudioVersion = 10.0.40219.1
Project("{FAE04EC0-301F-11D3-BF4B-00C04F79EFBC}") = "VolleyballShopApp", "VolleyballShopApp\VolleyballShopApp.csproj", "{3E09FB3E-D3C8-4861-BDA0-A5034B65E572}"
EndProject
Project("{FAE04EC0-301F-11D3-BF4B-00C04F79EFBC}") = "VolleyballShopApp.Infrastructure", "VolleyballShopApp.Infrastructure\VolleyballShopApp.Infrastructure.csproj", "{75C5048D-ED44-4CE8-8A5A-3EBA3D95A8FD}"
EndProject
Project("{FAE04EC0-301F-11D3-BF4B-00C04F79EFBC}") = "VolleyballShopApp.Core", "VolleyballShopApp.Core\VolleyballShopApp.Core.csproj", "{6C6EFAFC-DD30-4196-A11A-EBD7A20E5F98}"
EndProject
Global
	GlobalSection(SolutionConfigurationPlatforms) = preSolution
		Debug|Any CPU = Debug|Any CPU
		Release|Any CPU = Release|Any CPU
	EndGlobalSection
	GlobalSection(ProjectConfigurationPlatforms) = postSolution
		{3E09FB3E-D3C8-4861-BDA0-A5034B65E572}.Debug|Any CPU.ActiveCfg = Debug|Any CPU
		{3E09FB3E-D3C8-4861-BDA0-A5034B65E572}.Debug|Any CPU.Build.0 = Debug|Any CPU
		{3E09FB3E-D3C8-4861-BDA0-A5034B65E572}.Release|Any CPU.ActiveCfg = Release|Any CPU
		{3E09FB3E-D3C8-4861-BDA0-A5034B65E572}.Release|Any CPU.Build.0 = Release|Any CPU
		{75C5048D-ED44-4CE8-8A5A-3EBA3D95A8FD}.Debug|Any CPU.ActiveCfg = Debug|Any CPU
		{75C5048D-ED44-4CE8-8A5A-3EBA3D95A8FD}.Debug|Any CPU.Build.0 = Debug|Any CPU
		{75C5048D-ED44-4CE8-8A5A-3EBA3D95A8FD}.Release|Any CPU.ActiveCfg = Release|Any CPU
		{75C5048D-ED44-4CE8-8A5A-3EBA3D95A8FD}.Release|Any CPU.Build.0 = Release|Any CPU
		{6C6EFAFC-DD30-4196-A11A-EBD7A20E5F98}.Debug|Any CPU.ActiveCfg = Debug|Any CPU
		{6C6EFAFC-DD30-4196-A11A-EBD7A20E5F98}.Debug|Any CPU.Build.0 = Debug|Any CPU
		{6C6EFAFC-DD30-4196-A11A-EBD7A20E5F98}.Release|Any CPU.ActiveCfg = Release|Any CPU
		{6C6EFAFC-DD30-4196-A11A-EBD7A20E5F98}.Release|Any CPU.Build.0 = Release|Any CPU
	EndGlobalSection
	GlobalSection(SolutionProperties) = preSolution
		HideSolutionNode = FALSE
	EndGlobalSection
	GlobalSection(ExtensibilityGlobals) = postSolution
		SolutionGuid = {7C9714F4-A2EA-4D33-A059-2C766B80A029}
	EndGlobalSection
EndGlobal
